# This file was autogenerated by Stack.
# You should not edit this file by hand.
# For more information, please see the documentation at:
#   https://docs.haskellstack.org/en/stable/lock_files

packages: []
snapshots:
- completed:
    size: 514906
    url: https://raw.githubusercontent.com/commercialhaskell/stackage-snapshots/master/lts/8/15.yaml
    sha256: e78b03712c4e9d672323ed3045ac085a5ddff3732863130f12cd661c468c3bbd
  original: lts-8.15
